
Microsoft Visual Studio Solution File, Format Version 12.00
# Visual Studio 15
VisualStudioVersion = 15.0.28307.572
MinimumVisualStudioVersion = 10.0.40219.1
Project("{FAE04EC0-301F-11D3-BF4B-00C04F79EFBC}") = "ApplicationBasis", "ApplicationBasis\ApplicationBasis.csproj", "{F116DD4B-CACA-4E6D-AA8B-F628D6B69EDF}"
EndProject
Global
	GlobalSection(SolutionConfigurationPlatforms) = preSolution
		Debug|Any CPU = Debug|Any CPU
		Release|Any CPU = Release|Any CPU
	EndGlobalSection
	GlobalSection(ProjectConfigurationPlatforms) = postSolution
		{F116DD4B-CACA-4E6D-AA8B-F628D6B69EDF}.Debug|Any CPU.ActiveCfg = Debug|Any CPU
		{F116DD4B-CACA-4E6D-AA8B-F628D6B69EDF}.Debug|Any CPU.Build.0 = Debug|Any CPU
		{F116DD4B-CACA-4E6D-AA8B-F628D6B69EDF}.Release|Any CPU.ActiveCfg = Release|Any CPU
		{F116DD4B-CACA-4E6D-AA8B-F628D6B69EDF}.Release|Any CPU.Build.0 = Release|Any CPU
	EndGlobalSection
	GlobalSection(SolutionProperties) = preSolution
		HideSolutionNode = FALSE
	EndGlobalSection
	GlobalSection(ExtensibilityGlobals) = postSolution
		SolutionGuid = {F584407E-39E7-45BB-BCFF-487500EFE689}
	EndGlobalSection
EndGlobal
